
Microsoft Visual Studio Solution File, Format Version 12.00
# Visual Studio 15
VisualStudioVersion = 15.0.27428.2002
MinimumVisualStudioVersion = 10.0.40219.1
Project("{8BC9CEB8-8B4A-11D0-8D11-00A0C91BC942}") = "ConsoleGame", "ConsoleGame\ConsoleGame.vcxproj", "{076CBC16-0441-4AAC-AF4A-7A43951370C8}"
EndProject
Global
	GlobalSection(SolutionConfigurationPlatforms) = preSolution
		Debug|x64 = Debug|x64
		Debug|x86 = Debug|x86
		Release|x64 = Release|x64
		Release|x86 = Release|x86
	EndGlobalSection
	GlobalSection(ProjectConfigurationPlatforms) = postSolution
		{076CBC16-0441-4AAC-AF4A-7A43951370C8}.Debug|x64.ActiveCfg = Debug|x64
		{076CBC16-0441-4AAC-AF4A-7A43951370C8}.Debug|x64.Build.0 = Debug|x64
		{076CBC16-0441-4AAC-AF4A-7A43951370C8}.Debug|x86.ActiveCfg = Debug|Win32
		{076CBC16-0441-4AAC-AF4A-7A43951370C8}.Debug|x86.Build.0 = Debug|Win32
		{076CBC16-0441-4AAC-AF4A-7A43951370C8}.Release|x64.ActiveCfg = Release|x64
		{076CBC16-0441-4AAC-AF4A-7A43951370C8}.Release|x64.Build.0 = Release|x64
		{076CBC16-0441-4AAC-AF4A-7A43951370C8}.Release|x86.ActiveCfg = Release|Win32
		{076CBC16-0441-4AAC-AF4A-7A43951370C8}.Release|x86.Build.0 = Release|Win32
	EndGlobalSection
	GlobalSection(SolutionProperties) = preSolution
		HideSolutionNode = FALSE
	EndGlobalSection
	GlobalSection(ExtensibilityGlobals) = postSolution
		SolutionGuid = {A739FBB7-030B-4308-A0A2-36C931E8EA80}
	EndGlobalSection
EndGlobal
